// !$*UTF8*$!
{
	archiveVersion = 1;
	classes = {
	};
	objectVersion = 50;
	objects = {

/* Begin PBXBuildFile section */
		B0A1ACD5227A4090007A22B8 /* ViewController.swift in Sources */ = {isa = PBXBuildFile; fileRef = B0A1ACD4227A4090007A22B8 /* ViewController.swift */; };
		B0B64C10227766FD00048272 /* SidebarViewController.swift in Sources */ = {isa = PBXBuildFile; fileRef = B0B64C0F227766FD00048272 /* SidebarViewController.swift */; };
		B0FE033A2275BCD000ED67A7 /* AppDelegate.swift in Sources */ = {isa = PBXBuildFile; fileRef = B0FE03392275BCD000ED67A7 /* AppDelegate.swift */; };
		B0FE033C2275BCD000ED67A7 /* DetailViewController.swift in Sources */ = {isa = PBXBuildFile; fileRef = B0FE033B2275BCD000ED67A7 /* DetailViewController.swift */; };
		B0FE033F2275BCD000ED67A7 /* Hoogle.xcdatamodeld in Sources */ = {isa = PBXBuildFile; fileRef = B0FE033D2275BCD000ED67A7 /* Hoogle.xcdatamodeld */; };
		B0FE03412275BCD200ED67A7 /* Assets.xcassets in Resources */ = {isa = PBXBuildFile; fileRef = B0FE03402275BCD200ED67A7 /* Assets.xcassets */; };
		B0FE03442275BCD200ED67A7 /* Main.storyboard in Resources */ = {isa = PBXBuildFile; fileRef = B0FE03422275BCD200ED67A7 /* Main.storyboard */; };
/* End PBXBuildFile section */

/* Begin PBXFileReference section */
		B0A1ACD4227A4090007A22B8 /* ViewController.swift */ = {isa = PBXFileReference; lastKnownFileType = sourcecode.swift; path = ViewController.swift; sourceTree = "<group>"; };
		B0B64C0F227766FD00048272 /* SidebarViewController.swift */ = {isa = PBXFileReference; lastKnownFileType = sourcecode.swift; path = SidebarViewController.swift; sourceTree = "<group>"; };
		B0FE03362275BCD000ED67A7 /* Hoogle.app */ = {isa = PBXFileReference; explicitFileType = wrapper.application; includeInIndex = 0; path = Hoogle.app; sourceTree = BUILT_PRODUCTS_DIR; };
		B0FE03392275BCD000ED67A7 /* AppDelegate.swift */ = {isa = PBXFileReference; lastKnownFileType = sourcecode.swift; path = AppDelegate.swift; sourceTree = "<group>"; };
		B0FE033B2275BCD000ED67A7 /* DetailViewController.swift */ = {isa = PBXFileReference; lastKnownFileType = sourcecode.swift; path = DetailViewController.swift; sourceTree = "<group>"; };
		B0FE033E2275BCD000ED67A7 /* Hoogle.xcdatamodel */ = {isa = PBXFileReference; lastKnownFileType = wrapper.xcdatamodel; path = Hoogle.xcdatamodel; sourceTree = "<group>"; };
		B0FE03402275BCD200ED67A7 /* Assets.xcassets */ = {isa = PBXFileReference; lastKnownFileType = folder.assetcatalog; path = Assets.xcassets; sourceTree = "<group>"; };
		B0FE03432275BCD200ED67A7 /* Base */ = {isa = PBXFileReference; lastKnownFileType = file.storyboard; name = Base; path = Base.lproj/Main.storyboard; sourceTree = "<group>"; };
		B0FE03452275BCD200ED67A7 /* Info.plist */ = {isa = PBXFileReference; lastKnownFileType = text.plist.xml; path = Info.plist; sourceTree = "<group>"; };
		B0FE03462275BCD200ED67A7 /* Hoogle.entitlements */ = {isa = PBXFileReference; lastKnownFileType = text.plist.entitlements; path = Hoogle.entitlements; sourceTree = "<group>"; };
/* End PBXFileReference section */

/* Begin PBXFrameworksBuildPhase section */
		B0FE03332275BCD000ED67A7 /* Frameworks */ = {
			isa = PBXFrameworksBuildPhase;
			buildActionMask = 2147483647;
			files = (
			);
			runOnlyForDeploymentPostprocessing = 0;
		};
/* End PBXFrameworksBuildPhase section */

/* Begin PBXGroup section */
		B0FE032D2275BCD000ED67A7 = {
			isa = PBXGroup;
			children = (
				B0FE03382275BCD000ED67A7 /* Hoogle */,
				B0FE03372275BCD000ED67A7 /* Products */,
			);
			sourceTree = "<group>";
		};
		B0FE03372275BCD000ED67A7 /* Products */ = {
			isa = PBXGroup;
			children = (
				B0FE03362275BCD000ED67A7 /* Hoogle.app */,
			);
			name = Products;
			sourceTree = "<group>";
		};
		B0FE03382275BCD000ED67A7 /* Hoogle */ = {
			isa = PBXGroup;
			children = (
				B0FE03392275BCD000ED67A7 /* AppDelegate.swift */,
				B0A1ACD4227A4090007A22B8 /* ViewController.swift */,
				B0FE033B2275BCD000ED67A7 /* DetailViewController.swift */,
				B0B64C0F227766FD00048272 /* SidebarViewController.swift */,
				B0FE03422275BCD200ED67A7 /* Main.storyboard */,
				B0FE03462275BCD200ED67A7 /* Hoogle.entitlements */,
				B0FE03452275BCD200ED67A7 /* Info.plist */,
				B0FE033D2275BCD000ED67A7 /* Hoogle.xcdatamodeld */,
				B0FE03402275BCD200ED67A7 /* Assets.xcassets */,
			);
			path = Hoogle;
			sourceTree = "<group>";
		};
/* End PBXGroup section */

/* Begin PBXNativeTarget section */
		B0FE03352275BCD000ED67A7 /* Hoogle */ = {
			isa = PBXNativeTarget;
			buildConfigurationList = B0FE03492275BCD200ED67A7 /* Build configuration list for PBXNativeTarget "Hoogle" */;
			buildPhases = (
				B0FE03322275BCD000ED67A7 /* Sources */,
				B0FE03332275BCD000ED67A7 /* Frameworks */,
				B0FE03342275BCD000ED67A7 /* Resources */,
			);
			buildRules = (
			);
			dependencies = (
			);
			name = Hoogle;
			productName = Hoogle;
			productReference = B0FE03362275BCD000ED67A7 /* Hoogle.app */;
			productType = "com.apple.product-type.application";
		};
/* End PBXNativeTarget section */

/* Begin PBXProject section */
		B0FE032E2275BCD000ED67A7 /* Project object */ = {
			isa = PBXProject;
			attributes = {
				LastSwiftUpdateCheck = 1020;
				LastUpgradeCheck = 1020;
				ORGANIZATIONNAME = "Zac Garby";
				TargetAttributes = {
					B0FE03352275BCD000ED67A7 = {
						CreatedOnToolsVersion = 10.2.1;
						SystemCapabilities = {
							com.apple.Sandbox = {
								enabled = 0;
							};
						};
					};
				};
			};
			buildConfigurationList = B0FE03312275BCD000ED67A7 /* Build configuration list for PBXProject "Hoogle" */;
			compatibilityVersion = "Xcode 9.3";
			developmentRegion = en;
			hasScannedForEncodings = 0;
			knownRegions = (
				en,
				Base,
			);
			mainGroup = B0FE032D2275BCD000ED67A7;
			productRefGroup = B0FE03372275BCD000ED67A7 /* Products */;
			projectDirPath = "";
			projectRoot = "";
			targets = (
				B0FE03352275BCD000ED67A7 /* Hoogle */,
			);
		};
/* End PBXProject section */

/* Begin PBXResourcesBuildPhase section */
		B0FE03342275BCD000ED67A7 /* Resources */ = {
			isa = PBXResourcesBuildPhase;
			buildActionMask = 2147483647;
			files = (
				B0FE03412275BCD200ED67A7 /* Assets.xcassets in Resources */,
				B0FE03442275BCD200ED67A7 /* Main.storyboard in Resources */,
			);
			runOnlyForDeploymentPostprocessing = 0;
		};
/* End PBXResourcesBuildPhase section */

/* Begin PBXSourcesBuildPhase section */
		B0FE03322275BCD000ED67A7 /* Sources */ = {
			isa = PBXSourcesBuildPhase;
			buildActionMask = 2147483647;
			files = (
				B0A1ACD5227A4090007A22B8 /* ViewController.swift in Sources */,
				B0FE033C2275BCD000ED67A7 /* DetailViewController.swift in Sources */,
				B0FE033F2275BCD000ED67A7 /* Hoogle.xcdatamodeld in Sources */,
				B0FE033A2275BCD000ED67A7 /* AppDelegate.swift in Sources */,
				B0B64C10227766FD00048272 /* SidebarViewController.swift in Sources */,
			);
			runOnlyForDeploymentPostprocessing = 0;
		};
/* End PBXSourcesBuildPhase section */

/* Begin PBXVariantGroup section */
		B0FE03422275BCD200ED67A7 /* Main.storyboard */ = {
			isa = PBXVariantGroup;
			children = (
				B0FE03432275BCD200ED67A7 /* Base */,
			);
			name = Main.storyboard;
			sourceTree = "<group>";
		};
/* End PBXVariantGroup section */

/* Begin XCBuildConfiguration section */
		B0FE03472275BCD200ED67A7 /* Debug */ = {
			isa = XCBuildConfiguration;
			buildSettings = {
				ALWAYS_SEARCH_USER_PATHS = NO;
				CLANG_ANALYZER_NONNULL = YES;
				CLANG_ANALYZER_NUMBER_OBJECT_CONVERSION = YES_AGGRESSIVE;
				CLANG_CXX_LANGUAGE_STANDARD = "gnu++14";
				CLANG_CXX_LIBRARY = "libc++";
				CLANG_ENABLE_MODULES = YES;
				CLANG_ENABLE_OBJC_ARC = YES;
				CLANG_ENABLE_OBJC_WEAK = YES;
				CLANG_WARN_BLOCK_CAPTURE_AUTORELEASING = YES;
				CLANG_WARN_BOOL_CONVERSION = YES;
				CLANG_WARN_COMMA = YES;
				CLANG_WARN_CONSTANT_CONVERSION = YES;
				CLANG_WARN_DEPRECATED_OBJC_IMPLEMENTATIONS = YES;
				CLANG_WARN_DIRECT_OBJC_ISA_USAGE = YES_ERROR;
				CLANG_WARN_DOCUMENTATION_COMMENTS = YES;
				CLANG_WARN_EMPTY_BODY = YES;
				CLANG_WARN_ENUM_CONVERSION = YES;
				CLANG_WARN_INFINITE_RECURSION = YES;
				CLANG_WARN_INT_CONVERSION = YES;
				CLANG_WARN_NON_LITERAL_NULL_CONVERSION = YES;
				CLANG_WARN_OBJC_IMPLICIT_RETAIN_SELF = YES;
				CLANG_WARN_OBJC_LITERAL_CONVERSION = YES;
				CLANG_WARN_OBJC_ROOT_CLASS = YES_ERROR;
				CLANG_WARN_RANGE_LOOP_ANALYSIS = YES;
				CLANG_WARN_STRICT_PROTOTYPES = YES;
				CLANG_WARN_SUSPICIOUS_MOVE = YES;
				CLANG_WARN_UNGUARDED_AVAILABILITY = YES_AGGRESSIVE;
				CLANG_WARN_UNREACHABLE_CODE = YES;
				CLANG_WARN__DUPLICATE_METHOD_MATCH = YES;
				CODE_SIGN_IDENTITY = "Mac Developer";
				COPY_PHASE_STRIP = NO;
				DEBUG_INFORMATION_FORMAT = dwarf;
				ENABLE_STRICT_OBJC_MSGSEND = YES;
				ENABLE_TESTABILITY = YES;
				GCC_C_LANGUAGE_STANDARD = gnu11;
				GCC_DYNAMIC_NO_PIC = NO;
				GCC_NO_COMMON_BLOCKS = YES;
				GCC_OPTIMIZATION_LEVEL = 0;
				GCC_PREPROCESSOR_DEFINITIONS = (
					"DEBUG=1",
					"$(inherited)",
				);
				GCC_WARN_64_TO_32_BIT_CONVERSION = YES;
				GCC_WARN_ABOUT_RETURN_TYPE = YES_ERROR;
				GCC_WARN_UNDECLARED_SELECTOR = YES;
				GCC_WARN_UNINITIALIZED_AUTOS = YES_AGGRESSIVE;
				GCC_WARN_UNUSED_FUNCTION = YES;
				GCC_WARN_UNUSED_VARIABLE = YES;
				MACOSX_DEPLOYMENT_TARGET = 10.14;
				MTL_ENABLE_DEBUG_INFO = INCLUDE_SOURCE;
				MTL_FAST_MATH = YES;
				ONLY_ACTIVE_ARCH = YES;
				SDKROOT = macosx;
				SWIFT_ACTIVE_COMPILATION_CONDITIONS = DEBUG;
				SWIFT_OPTIMIZATION_LEVEL = "-Onone";
			};
			name = Debug;
		};
		B0FE03482275BCD200ED67A7 /* Release */ = {
			isa = XCBuildConfiguration;
			buildSettings = {
				ALWAYS_SEARCH_USER_PATHS = NO;
				CLANG_ANALYZER_NONNULL = YES;
				CLANG_ANALYZER_NUMBER_OBJECT_CONVERSION = YES_AGGRESSIVE;
				CLANG_CXX_LANGUAGE_STANDARD = "gnu++14";
				CLANG_CXX_LIBRARY = "libc++";
				CLANG_ENABLE_MODULES = YES;
				CLANG_ENABLE_OBJC_ARC = YES;
				CLANG_ENABLE_OBJC_WEAK = YES;
				CLANG_WARN_BLOCK_CAPTURE_AUTORELEASING = YES;
				CLANG_WARN_BOOL_CONVERSION = YES;
				CLANG_WARN_COMMA = YES;
				CLANG_WARN_CONSTANT_CONVERSION = YES;
				CLANG_WARN_DEPRECATED_OBJC_IMPLEMENTATIONS = YES;
				CLANG_WARN_DIRECT_OBJC_ISA_USAGE = YES_ERROR;
				CLANG_WARN_DOCUMENTATION_COMMENTS = YES;
				CLANG_WARN_EMPTY_BODY = YES;
				CLANG_WARN_ENUM_CONVERSION = YES;
				CLANG_WARN_INFINITE_RECURSION = YES;
				CLANG_WARN_INT_CONVERSION = YES;
				CLANG_WARN_NON_LITERAL_NULL_CONVERSION = YES;
				CLANG_WARN_OBJC_IMPLICIT_RETAIN_SELF = YES;
				CLANG_WARN_OBJC_LITERAL_CONVERSION = YES;
				CLANG_WARN_OBJC_ROOT_CLASS = YES_ERROR;
				CLANG_WARN_RANGE_LOOP_ANALYSIS = YES;
				CLANG_WARN_STRICT_PROTOTYPES = YES;
				CLANG_WARN_SUSPICIOUS_MOVE = YES;
				CLANG_WARN_UNGUARDED_AVAILABILITY = YES_AGGRESSIVE;
				CLANG_WARN_UNREACHABLE_CODE = YES;
				CLANG_WARN__DUPLICATE_METHOD_MATCH = YES;
				CODE_SIGN_IDENTITY = "Mac Developer";
				COPY_PHASE_STRIP = NO;
				DEBUG_INFORMATION_FORMAT = "dwarf-with-dsym";
				ENABLE_NS_ASSERTIONS = NO;
				ENABLE_STRICT_OBJC_MSGSEND = YES;
				GCC_C_LANGUAGE_STANDARD = gnu11;
				GCC_NO_COMMON_BLOCKS = YES;
				GCC_WARN_64_TO_32_BIT_CONVERSION = YES;
				GCC_WARN_ABOUT_RETURN_TYPE = YES_ERROR;
				GCC_WARN_UNDECLARED_SELECTOR = YES;
				GCC_WARN_UNINITIALIZED_AUTOS = YES_AGGRESSIVE;
				GCC_WARN_UNUSED_FUNCTION = YES;
				GCC_WARN_UNUSED_VARIABLE = YES;
				MACOSX_DEPLOYMENT_TARGET = 10.14;
				MTL_ENABLE_DEBUG_INFO = NO;
				MTL_FAST_MATH = YES;
				SDKROOT = macosx;
				SWIFT_COMPILATION_MODE = wholemodule;
				SWIFT_OPTIMIZATION_LEVEL = "-O";
			};
			name = Release;
		};
		B0FE034A2275BCD200ED67A7 /* Debug */ = {
			isa = XCBuildConfiguration;
			buildSettings = {
				ASSETCATALOG_COMPILER_APPICON_NAME = AppIcon;
				CODE_SIGN_STYLE = Automatic;
				COMBINE_HIDPI_IMAGES = YES;
				DEVELOPMENT_TEAM = ZX7M3HPXGX;
				INFOPLIST_FILE = Hoogle/Info.plist;
				LD_RUNPATH_SEARCH_PATHS = (
					"$(inherited)",
					"@executable_path/../Frameworks",
				);
				PRODUCT_BUNDLE_IDENTIFIER = uk.co.zacgarby.Hoogle;
				PRODUCT_NAME = "$(TARGET_NAME)";
				SWIFT_VERSION = 5.0;
			};
			name = Debug;
		};
		B0FE034B2275BCD200ED67A7 /* Release */ = {
			isa = XCBuildConfiguration;
			buildSettings = {
				ASSETCATALOG_COMPILER_APPICON_NAME = AppIcon;
				CODE_SIGN_STYLE = Automatic;
				COMBINE_HIDPI_IMAGES = YES;
				DEVELOPMENT_TEAM = ZX7M3HPXGX;
				INFOPLIST_FILE = Hoogle/Info.plist;
				LD_RUNPATH_SEARCH_PATHS = (
					"$(inherited)",
					"@executable_path/../Frameworks",
				);
				PRODUCT_BUNDLE_IDENTIFIER = uk.co.zacgarby.Hoogle;
				PRODUCT_NAME = "$(TARGET_NAME)";
				SWIFT_VERSION = 5.0;
			};
			name = Release;
		};
/* End XCBuildConfiguration section */

/* Begin XCConfigurationList section */
		B0FE03312275BCD000ED67A7 /* Build configuration list for PBXProject "Hoogle" */ = {
			isa = XCConfigurationList;
			buildConfigurations = (
				B0FE03472275BCD200ED67A7 /* Debug */,
				B0FE03482275BCD200ED67A7 /* Release */,
			);
			defaultConfigurationIsVisible = 0;
			defaultConfigurationName = Release;
		};
		B0FE03492275BCD200ED67A7 /* Build configuration list for PBXNativeTarget "Hoogle" */ = {
			isa = XCConfigurationList;
			buildConfigurations = (
				B0FE034A2275BCD200ED67A7 /* Debug */,
				B0FE034B2275BCD200ED67A7 /* Release */,
			);
			defaultConfigurationIsVisible = 0;
			defaultConfigurationName = Release;
		};
/* End XCConfigurationList section */

/* Begin XCVersionGroup section */
		B0FE033D2275BCD000ED67A7 /* Hoogle.xcdatamodeld */ = {
			isa = XCVersionGroup;
			children = (
				B0FE033E2275BCD000ED67A7 /* Hoogle.xcdatamodel */,
			);
			currentVersion = B0FE033E2275BCD000ED67A7 /* Hoogle.xcdatamodel */;
			path = Hoogle.xcdatamodeld;
			sourceTree = "<group>";
			versionGroupType = wrapper.xcdatamodel;
		};
/* End XCVersionGroup section */
	};
	rootObject = B0FE032E2275BCD000ED67A7 /* Project object */;
}
